// !$*UTF8*$!
{
	archiveVersion = 1;
	classes = {
	};
	objectVersion = 53;
	objects = {

/* Begin PBXBuildFile section */
		5C52D5CF28DDE7550090117D /* JKRecordAnimationView.m in Sources */ = {isa = PBXBuildFile; fileRef = 5C52D5CE28DDE7550090117D /* JKRecordAnimationView.m */; };
		5CE3E27F28D8B26500EE5072 /* AppDelegate.m in Sources */ = {isa = PBXBuildFile; fileRef = 5CE3E27E28D8B26500EE5072 /* AppDelegate.m */; };
		5CE3E28228D8B26500EE5072 /* SceneDelegate.m in Sources */ = {isa = PBXBuildFile; fileRef = 5CE3E28128D8B26500EE5072 /* SceneDelegate.m */; };
		5CE3E28528D8B26500EE5072 /* ViewController.m in Sources */ = {isa = PBXBuildFile; fileRef = 5CE3E28428D8B26500EE5072 /* ViewController.m */; };
		5CE3E28828D8B26500EE5072 /* Main.storyboard in Resources */ = {isa = PBXBuildFile; fileRef = 5CE3E28628D8B26500EE5072 /* Main.storyboard */; };
		5CE3E28A28D8B26600EE5072 /* Assets.xcassets in Resources */ = {isa = PBXBuildFile; fileRef = 5CE3E28928D8B26600EE5072 /* Assets.xcassets */; };
		5CE3E28D28D8B26600EE5072 /* LaunchScreen.storyboard in Resources */ = {isa = PBXBuildFile; fileRef = 5CE3E28B28D8B26600EE5072 /* LaunchScreen.storyboard */; };
		5CE3E29028D8B26600EE5072 /* main.m in Sources */ = {isa = PBXBuildFile; fileRef = 5CE3E28F28D8B26600EE5072 /* main.m */; };
		5CE3E2A228D8B2C500EE5072 /* AVFRecBaseView.m in Sources */ = {isa = PBXBuildFile; fileRef = 5CE3E29728D8B2C400EE5072 /* AVFRecBaseView.m */; };
		5CE3E2A328D8B2C500EE5072 /* AVFViewController.m in Sources */ = {isa = PBXBuildFile; fileRef = 5CE3E29828D8B2C400EE5072 /* AVFViewController.m */; };
		5CE3E2A428D8B2C500EE5072 /* JKSafeTimer.m in Sources */ = {isa = PBXBuildFile; fileRef = 5CE3E29D28D8B2C400EE5072 /* JKSafeTimer.m */; };
		5CE3E2A528D8B2C500EE5072 /* JKUtilities.m in Sources */ = {isa = PBXBuildFile; fileRef = 5CE3E29E28D8B2C400EE5072 /* JKUtilities.m */; };
		5CE3E2A928D8B30E00EE5072 /* DemoRecordingView.m in Sources */ = {isa = PBXBuildFile; fileRef = 5CE3E2A828D8B30E00EE5072 /* DemoRecordingView.m */; };
/* End PBXBuildFile section */

/* Begin PBXFileReference section */
		5C52D5CD28DDE7550090117D /* JKRecordAnimationView.h */ = {isa = PBXFileReference; lastKnownFileType = sourcecode.c.h; path = JKRecordAnimationView.h; sourceTree = "<group>"; };
		5C52D5CE28DDE7550090117D /* JKRecordAnimationView.m */ = {isa = PBXFileReference; lastKnownFileType = sourcecode.c.objc; path = JKRecordAnimationView.m; sourceTree = "<group>"; };
		5CE3E27A28D8B26500EE5072 /* CustomizedRecording.app */ = {isa = PBXFileReference; explicitFileType = wrapper.application; includeInIndex = 0; path = CustomizedRecording.app; sourceTree = BUILT_PRODUCTS_DIR; };
		5CE3E27D28D8B26500EE5072 /* AppDelegate.h */ = {isa = PBXFileReference; lastKnownFileType = sourcecode.c.h; path = AppDelegate.h; sourceTree = "<group>"; };
		5CE3E27E28D8B26500EE5072 /* AppDelegate.m */ = {isa = PBXFileReference; lastKnownFileType = sourcecode.c.objc; path = AppDelegate.m; sourceTree = "<group>"; };
		5CE3E28028D8B26500EE5072 /* SceneDelegate.h */ = {isa = PBXFileReference; lastKnownFileType = sourcecode.c.h; path = SceneDelegate.h; sourceTree = "<group>"; };
		5CE3E28128D8B26500EE5072 /* SceneDelegate.m */ = {isa = PBXFileReference; lastKnownFileType = sourcecode.c.objc; path = SceneDelegate.m; sourceTree = "<group>"; };
		5CE3E28328D8B26500EE5072 /* ViewController.h */ = {isa = PBXFileReference; lastKnownFileType = sourcecode.c.h; path = ViewController.h; sourceTree = "<group>"; };
		5CE3E28428D8B26500EE5072 /* ViewController.m */ = {isa = PBXFileReference; lastKnownFileType = sourcecode.c.objc; path = ViewController.m; sourceTree = "<group>"; };
		5CE3E28728D8B26500EE5072 /* Base */ = {isa = PBXFileReference; lastKnownFileType = file.storyboard; name = Base; path = Base.lproj/Main.storyboard; sourceTree = "<group>"; };
		5CE3E28928D8B26600EE5072 /* Assets.xcassets */ = {isa = PBXFileReference; lastKnownFileType = folder.assetcatalog; path = Assets.xcassets; sourceTree = "<group>"; };
		5CE3E28C28D8B26600EE5072 /* Base */ = {isa = PBXFileReference; lastKnownFileType = file.storyboard; name = Base; path = Base.lproj/LaunchScreen.storyboard; sourceTree = "<group>"; };
		5CE3E28E28D8B26600EE5072 /* Info.plist */ = {isa = PBXFileReference; lastKnownFileType = text.plist.xml; path = Info.plist; sourceTree = "<group>"; };
		5CE3E28F28D8B26600EE5072 /* main.m */ = {isa = PBXFileReference; lastKnownFileType = sourcecode.c.objc; path = main.m; sourceTree = "<group>"; };
		5CE3E29728D8B2C400EE5072 /* AVFRecBaseView.m */ = {isa = PBXFileReference; fileEncoding = 4; lastKnownFileType = sourcecode.c.objc; path = AVFRecBaseView.m; sourceTree = "<group>"; };
		5CE3E29828D8B2C400EE5072 /* AVFViewController.m */ = {isa = PBXFileReference; fileEncoding = 4; lastKnownFileType = sourcecode.c.objc; path = AVFViewController.m; sourceTree = "<group>"; };
		5CE3E29928D8B2C400EE5072 /* AVFViewController.h */ = {isa = PBXFileReference; fileEncoding = 4; lastKnownFileType = sourcecode.c.h; path = AVFViewController.h; sourceTree = "<group>"; };
		5CE3E29A28D8B2C400EE5072 /* AVFoundationRecording.h */ = {isa = PBXFileReference; fileEncoding = 4; lastKnownFileType = sourcecode.c.h; path = AVFoundationRecording.h; sourceTree = "<group>"; };
		5CE3E29B28D8B2C400EE5072 /* AVFRecBaseView.h */ = {isa = PBXFileReference; fileEncoding = 4; lastKnownFileType = sourcecode.c.h; path = AVFRecBaseView.h; sourceTree = "<group>"; };
		5CE3E29D28D8B2C400EE5072 /* JKSafeTimer.m */ = {isa = PBXFileReference; fileEncoding = 4; lastKnownFileType = sourcecode.c.objc; path = JKSafeTimer.m; sourceTree = "<group>"; };
		5CE3E29E28D8B2C400EE5072 /* JKUtilities.m */ = {isa = PBXFileReference; fileEncoding = 4; lastKnownFileType = sourcecode.c.objc; path = JKUtilities.m; sourceTree = "<group>"; };
		5CE3E29F28D8B2C400EE5072 /* JKUtilities.h */ = {isa = PBXFileReference; fileEncoding = 4; lastKnownFileType = sourcecode.c.h; path = JKUtilities.h; sourceTree = "<group>"; };
		5CE3E2A028D8B2C400EE5072 /* JKSafeTimer.h */ = {isa = PBXFileReference; fileEncoding = 4; lastKnownFileType = sourcecode.c.h; path = JKSafeTimer.h; sourceTree = "<group>"; };
		5CE3E2A128D8B2C400EE5072 /* AVFRecConst.h */ = {isa = PBXFileReference; fileEncoding = 4; lastKnownFileType = sourcecode.c.h; path = AVFRecConst.h; sourceTree = "<group>"; };
		5CE3E2A728D8B30E00EE5072 /* DemoRecordingView.h */ = {isa = PBXFileReference; lastKnownFileType = sourcecode.c.h; path = DemoRecordingView.h; sourceTree = "<group>"; };
		5CE3E2A828D8B30E00EE5072 /* DemoRecordingView.m */ = {isa = PBXFileReference; lastKnownFileType = sourcecode.c.objc; path = DemoRecordingView.m; sourceTree = "<group>"; };
/* End PBXFileReference section */

/* Begin PBXFrameworksBuildPhase section */
		5CE3E27728D8B26500EE5072 /* Frameworks */ = {
			isa = PBXFrameworksBuildPhase;
			buildActionMask = 2147483647;
			files = (
			);
			runOnlyForDeploymentPostprocessing = 0;
		};
/* End PBXFrameworksBuildPhase section */

/* Begin PBXGroup section */
		5CE3E27128D8B26500EE5072 = {
			isa = PBXGroup;
			children = (
				5CE3E27C28D8B26500EE5072 /* CustomizedRecording */,
				5CE3E27B28D8B26500EE5072 /* Products */,
			);
			sourceTree = "<group>";
		};
		5CE3E27B28D8B26500EE5072 /* Products */ = {
			isa = PBXGroup;
			children = (
				5CE3E27A28D8B26500EE5072 /* CustomizedRecording.app */,
			);
			name = Products;
			sourceTree = "<group>";
		};
		5CE3E27C28D8B26500EE5072 /* CustomizedRecording */ = {
			isa = PBXGroup;
			children = (
				5CE3E2A628D8B2F100EE5072 /* DemoView */,
				5CE3E29628D8B27100EE5072 /* AVFoundationRecord */,
				5CE3E27D28D8B26500EE5072 /* AppDelegate.h */,
				5CE3E27E28D8B26500EE5072 /* AppDelegate.m */,
				5CE3E28028D8B26500EE5072 /* SceneDelegate.h */,
				5CE3E28128D8B26500EE5072 /* SceneDelegate.m */,
				5CE3E28328D8B26500EE5072 /* ViewController.h */,
				5CE3E28428D8B26500EE5072 /* ViewController.m */,
				5CE3E28628D8B26500EE5072 /* Main.storyboard */,
				5CE3E28928D8B26600EE5072 /* Assets.xcassets */,
				5CE3E28B28D8B26600EE5072 /* LaunchScreen.storyboard */,
				5CE3E28E28D8B26600EE5072 /* Info.plist */,
				5CE3E28F28D8B26600EE5072 /* main.m */,
			);
			path = CustomizedRecording;
			sourceTree = "<group>";
		};
		5CE3E29628D8B27100EE5072 /* AVFoundationRecord */ = {
			isa = PBXGroup;
			children = (
				5CE3E29C28D8B2C400EE5072 /* Support */,
				5CE3E29A28D8B2C400EE5072 /* AVFoundationRecording.h */,
				5CE3E2A128D8B2C400EE5072 /* AVFRecConst.h */,
				5CE3E29B28D8B2C400EE5072 /* AVFRecBaseView.h */,
				5CE3E29728D8B2C400EE5072 /* AVFRecBaseView.m */,
				5CE3E29928D8B2C400EE5072 /* AVFViewController.h */,
				5CE3E29828D8B2C400EE5072 /* AVFViewController.m */,
			);
			path = AVFoundationRecord;
			sourceTree = "<group>";
		};
		5CE3E29C28D8B2C400EE5072 /* Support */ = {
			isa = PBXGroup;
			children = (
				5CE3E29D28D8B2C400EE5072 /* JKSafeTimer.m */,
				5CE3E29E28D8B2C400EE5072 /* JKUtilities.m */,
				5CE3E29F28D8B2C400EE5072 /* JKUtilities.h */,
				5CE3E2A028D8B2C400EE5072 /* JKSafeTimer.h */,
			);
			path = Support;
			sourceTree = "<group>";
		};
		5CE3E2A628D8B2F100EE5072 /* DemoView */ = {
			isa = PBXGroup;
			children = (
				5CE3E2A728D8B30E00EE5072 /* DemoRecordingView.h */,
				5CE3E2A828D8B30E00EE5072 /* DemoRecordingView.m */,
				5C52D5CD28DDE7550090117D /* JKRecordAnimationView.h */,
				5C52D5CE28DDE7550090117D /* JKRecordAnimationView.m */,
			);
			path = DemoView;
			sourceTree = "<group>";
		};
/* End PBXGroup section */

/* Begin PBXNativeTarget section */
		5CE3E27928D8B26500EE5072 /* CustomizedRecording */ = {
			isa = PBXNativeTarget;
			buildConfigurationList = 5CE3E29328D8B26600EE5072 /* Build configuration list for PBXNativeTarget "CustomizedRecording" */;
			buildPhases = (
				5CE3E27628D8B26500EE5072 /* Sources */,
				5CE3E27728D8B26500EE5072 /* Frameworks */,
				5CE3E27828D8B26500EE5072 /* Resources */,
			);
			buildRules = (
			);
			dependencies = (
			);
			name = CustomizedRecording;
			productName = CustomizedRecording;
			productReference = 5CE3E27A28D8B26500EE5072 /* CustomizedRecording.app */;
			productType = "com.apple.product-type.application";
		};
/* End PBXNativeTarget section */

/* Begin PBXProject section */
		5CE3E27228D8B26500EE5072 /* Project object */ = {
			isa = PBXProject;
			attributes = {
				BuildIndependentTargetsInParallel = 1;
				LastUpgradeCheck = 1400;
				TargetAttributes = {
					5CE3E27928D8B26500EE5072 = {
						CreatedOnToolsVersion = 14.0;
					};
				};
			};
			buildConfigurationList = 5CE3E27528D8B26500EE5072 /* Build configuration list for PBXProject "CustomizedRecording" */;
			compatibilityVersion = "Xcode 11.0";
			developmentRegion = en;
			hasScannedForEncodings = 0;
			knownRegions = (
				en,
				Base,
			);
			mainGroup = 5CE3E27128D8B26500EE5072;
			productRefGroup = 5CE3E27B28D8B26500EE5072 /* Products */;
			projectDirPath = "";
			projectRoot = "";
			targets = (
				5CE3E27928D8B26500EE5072 /* CustomizedRecording */,
			);
		};
/* End PBXProject section */

/* Begin PBXResourcesBuildPhase section */
		5CE3E27828D8B26500EE5072 /* Resources */ = {
			isa = PBXResourcesBuildPhase;
			buildActionMask = 2147483647;
			files = (
				5CE3E28D28D8B26600EE5072 /* LaunchScreen.storyboard in Resources */,
				5CE3E28A28D8B26600EE5072 /* Assets.xcassets in Resources */,
				5CE3E28828D8B26500EE5072 /* Main.storyboard in Resources */,
			);
			runOnlyForDeploymentPostprocessing = 0;
		};
/* End PBXResourcesBuildPhase section */

/* Begin PBXSourcesBuildPhase section */
		5CE3E27628D8B26500EE5072 /* Sources */ = {
			isa = PBXSourcesBuildPhase;
			buildActionMask = 2147483647;
			files = (
				5CE3E28528D8B26500EE5072 /* ViewController.m in Sources */,
				5CE3E2A528D8B2C500EE5072 /* JKUtilities.m in Sources */,
				5CE3E27F28D8B26500EE5072 /* AppDelegate.m in Sources */,
				5CE3E2A328D8B2C500EE5072 /* AVFViewController.m in Sources */,
				5CE3E29028D8B26600EE5072 /* main.m in Sources */,
				5C52D5CF28DDE7550090117D /* JKRecordAnimationView.m in Sources */,
				5CE3E2A428D8B2C500EE5072 /* JKSafeTimer.m in Sources */,
				5CE3E2A228D8B2C500EE5072 /* AVFRecBaseView.m in Sources */,
				5CE3E28228D8B26500EE5072 /* SceneDelegate.m in Sources */,
				5CE3E2A928D8B30E00EE5072 /* DemoRecordingView.m in Sources */,
			);
			runOnlyForDeploymentPostprocessing = 0;
		};
/* End PBXSourcesBuildPhase section */

/* Begin PBXVariantGroup section */
		5CE3E28628D8B26500EE5072 /* Main.storyboard */ = {
			isa = PBXVariantGroup;
			children = (
				5CE3E28728D8B26500EE5072 /* Base */,
			);
			name = Main.storyboard;
			sourceTree = "<group>";
		};
		5CE3E28B28D8B26600EE5072 /* LaunchScreen.storyboard */ = {
			isa = PBXVariantGroup;
			children = (
				5CE3E28C28D8B26600EE5072 /* Base */,
			);
			name = LaunchScreen.storyboard;
			sourceTree = "<group>";
		};
/* End PBXVariantGroup section */

/* Begin XCBuildConfiguration section */
		5CE3E29128D8B26600EE5072 /* Debug */ = {
			isa = XCBuildConfiguration;
			buildSettings = {
				ALWAYS_SEARCH_USER_PATHS = NO;
				CLANG_ANALYZER_NONNULL = YES;
				CLANG_ANALYZER_NUMBER_OBJECT_CONVERSION = YES_AGGRESSIVE;
				CLANG_CXX_LANGUAGE_STANDARD = "gnu++20";
				CLANG_ENABLE_MODULES = YES;
				CLANG_ENABLE_OBJC_ARC = YES;
				CLANG_ENABLE_OBJC_WEAK = YES;
				CLANG_WARN_BLOCK_CAPTURE_AUTORELEASING = YES;
				CLANG_WARN_BOOL_CONVERSION = YES;
				CLANG_WARN_COMMA = YES;
				CLANG_WARN_CONSTANT_CONVERSION = YES;
				CLANG_WARN_DEPRECATED_OBJC_IMPLEMENTATIONS = YES;
				CLANG_WARN_DIRECT_OBJC_ISA_USAGE = YES_ERROR;
				CLANG_WARN_DOCUMENTATION_COMMENTS = YES;
				CLANG_WARN_EMPTY_BODY = YES;
				CLANG_WARN_ENUM_CONVERSION = YES;
				CLANG_WARN_INFINITE_RECURSION = YES;
				CLANG_WARN_INT_CONVERSION = YES;
				CLANG_WARN_NON_LITERAL_NULL_CONVERSION = YES;
				CLANG_WARN_OBJC_IMPLICIT_RETAIN_SELF = YES;
				CLANG_WARN_OBJC_LITERAL_CONVERSION = YES;
				CLANG_WARN_OBJC_ROOT_CLASS = YES_ERROR;
				CLANG_WARN_QUOTED_INCLUDE_IN_FRAMEWORK_HEADER = YES;
				CLANG_WARN_RANGE_LOOP_ANALYSIS = YES;
				CLANG_WARN_STRICT_PROTOTYPES = YES;
				CLANG_WARN_SUSPICIOUS_MOVE = YES;
				CLANG_WARN_UNGUARDED_AVAILABILITY = YES_AGGRESSIVE;
				CLANG_WARN_UNREACHABLE_CODE = YES;
				CLANG_WARN__DUPLICATE_METHOD_MATCH = YES;
				COPY_PHASE_STRIP = NO;
				DEBUG_INFORMATION_FORMAT = dwarf;
				ENABLE_STRICT_OBJC_MSGSEND = YES;
				ENABLE_TESTABILITY = YES;
				GCC_C_LANGUAGE_STANDARD = gnu11;
				GCC_DYNAMIC_NO_PIC = NO;
				GCC_NO_COMMON_BLOCKS = YES;
				GCC_OPTIMIZATION_LEVEL = 0;
				GCC_PREPROCESSOR_DEFINITIONS = (
					"DEBUG=1",
					"$(inherited)",
				);
				GCC_WARN_64_TO_32_BIT_CONVERSION = YES;
				GCC_WARN_ABOUT_RETURN_TYPE = YES_ERROR;
				GCC_WARN_UNDECLARED_SELECTOR = YES;
				GCC_WARN_UNINITIALIZED_AUTOS = YES_AGGRESSIVE;
				GCC_WARN_UNUSED_FUNCTION = YES;
				GCC_WARN_UNUSED_VARIABLE = YES;
				IPHONEOS_DEPLOYMENT_TARGET = 16.0;
				MTL_ENABLE_DEBUG_INFO = INCLUDE_SOURCE;
				MTL_FAST_MATH = YES;
				ONLY_ACTIVE_ARCH = YES;
				SDKROOT = iphoneos;
			};
			name = Debug;
		};
		5CE3E29228D8B26600EE5072 /* Release */ = {
			isa = XCBuildConfiguration;
			buildSettings = {
				ALWAYS_SEARCH_USER_PATHS = NO;
				CLANG_ANALYZER_NONNULL = YES;
				CLANG_ANALYZER_NUMBER_OBJECT_CONVERSION = YES_AGGRESSIVE;
				CLANG_CXX_LANGUAGE_STANDARD = "gnu++20";
				CLANG_ENABLE_MODULES = YES;
				CLANG_ENABLE_OBJC_ARC = YES;
				CLANG_ENABLE_OBJC_WEAK = YES;
				CLANG_WARN_BLOCK_CAPTURE_AUTORELEASING = YES;
				CLANG_WARN_BOOL_CONVERSION = YES;
				CLANG_WARN_COMMA = YES;
				CLANG_WARN_CONSTANT_CONVERSION = YES;
				CLANG_WARN_DEPRECATED_OBJC_IMPLEMENTATIONS = YES;
				CLANG_WARN_DIRECT_OBJC_ISA_USAGE = YES_ERROR;
				CLANG_WARN_DOCUMENTATION_COMMENTS = YES;
				CLANG_WARN_EMPTY_BODY = YES;
				CLANG_WARN_ENUM_CONVERSION = YES;
				CLANG_WARN_INFINITE_RECURSION = YES;
				CLANG_WARN_INT_CONVERSION = YES;
				CLANG_WARN_NON_LITERAL_NULL_CONVERSION = YES;
				CLANG_WARN_OBJC_IMPLICIT_RETAIN_SELF = YES;
				CLANG_WARN_OBJC_LITERAL_CONVERSION = YES;
				CLANG_WARN_OBJC_ROOT_CLASS = YES_ERROR;
				CLANG_WARN_QUOTED_INCLUDE_IN_FRAMEWORK_HEADER = YES;
				CLANG_WARN_RANGE_LOOP_ANALYSIS = YES;
				CLANG_WARN_STRICT_PROTOTYPES = YES;
				CLANG_WARN_SUSPICIOUS_MOVE = YES;
				CLANG_WARN_UNGUARDED_AVAILABILITY = YES_AGGRESSIVE;
				CLANG_WARN_UNREACHABLE_CODE = YES;
				CLANG_WARN__DUPLICATE_METHOD_MATCH = YES;
				COPY_PHASE_STRIP = NO;
				DEBUG_INFORMATION_FORMAT = "dwarf-with-dsym";
				ENABLE_NS_ASSERTIONS = NO;
				ENABLE_STRICT_OBJC_MSGSEND = YES;
				GCC_C_LANGUAGE_STANDARD = gnu11;
				GCC_NO_COMMON_BLOCKS = YES;
				GCC_WARN_64_TO_32_BIT_CONVERSION = YES;
				GCC_WARN_ABOUT_RETURN_TYPE = YES_ERROR;
				GCC_WARN_UNDECLARED_SELECTOR = YES;
				GCC_WARN_UNINITIALIZED_AUTOS = YES_AGGRESSIVE;
				GCC_WARN_UNUSED_FUNCTION = YES;
				GCC_WARN_UNUSED_VARIABLE = YES;
				IPHONEOS_DEPLOYMENT_TARGET = 16.0;
				MTL_ENABLE_DEBUG_INFO = NO;
				MTL_FAST_MATH = YES;
				SDKROOT = iphoneos;
				VALIDATE_PRODUCT = YES;
			};
			name = Release;
		};
		5CE3E29428D8B26600EE5072 /* Debug */ = {
			isa = XCBuildConfiguration;
			buildSettings = {
				ASSETCATALOG_COMPILER_APPICON_NAME = AppIcon;
				ASSETCATALOG_COMPILER_GLOBAL_ACCENT_COLOR_NAME = AccentColor;
				CODE_SIGN_IDENTITY = "Apple Development";
				"CODE_SIGN_IDENTITY[sdk=iphoneos*]" = "iPhone Developer";
				CODE_SIGN_STYLE = Manual;
				CURRENT_PROJECT_VERSION = 1;
				DEVELOPMENT_TEAM = "";
				"DEVELOPMENT_TEAM[sdk=iphoneos*]" = U746D2ER88;
				GENERATE_INFOPLIST_FILE = YES;
				INFOPLIST_FILE = CustomizedRecording/Info.plist;
				INFOPLIST_KEY_NSCameraUsageDescription = "录像";
				INFOPLIST_KEY_NSMicrophoneUsageDescription = "录音";
				INFOPLIST_KEY_UIApplicationSupportsIndirectInputEvents = YES;
				INFOPLIST_KEY_UILaunchStoryboardName = LaunchScreen;
				INFOPLIST_KEY_UIMainStoryboardFile = Main;
				INFOPLIST_KEY_UISupportedInterfaceOrientations = UIInterfaceOrientationPortrait;
				INFOPLIST_KEY_UISupportedInterfaceOrientations_iPad = "UIInterfaceOrientationLandscapeLeft UIInterfaceOrientationLandscapeRight UIInterfaceOrientationPortrait UIInterfaceOrientationPortraitUpsideDown";
				IPHONEOS_DEPLOYMENT_TARGET = 13.0;
				LD_RUNPATH_SEARCH_PATHS = (
					"$(inherited)",
					"@executable_path/Frameworks",
				);
				MARKETING_VERSION = 1.0;
				PRODUCT_BUNDLE_IDENTIFIER = cn.10086.app;
				PRODUCT_NAME = "$(TARGET_NAME)";
				PROVISIONING_PROFILE_SPECIFIER = "";
				"PROVISIONING_PROFILE_SPECIFIER[sdk=iphoneos*]" = "match Development cn.10086.app";
				SWIFT_EMIT_LOC_STRINGS = YES;
				TARGETED_DEVICE_FAMILY = "1,2";
			};
			name = Debug;
		};
		5CE3E29528D8B26600EE5072 /* Release */ = {
			isa = XCBuildConfiguration;
			buildSettings = {
				ASSETCATALOG_COMPILER_APPICON_NAME = AppIcon;
				ASSETCATALOG_COMPILER_GLOBAL_ACCENT_COLOR_NAME = AccentColor;
				CODE_SIGN_IDENTITY = "Apple Development";
				"CODE_SIGN_IDENTITY[sdk=iphoneos*]" = "iPhone Developer";
				CODE_SIGN_STYLE = Manual;
				CURRENT_PROJECT_VERSION = 1;
				DEVELOPMENT_TEAM = "";
				"DEVELOPMENT_TEAM[sdk=iphoneos*]" = U746D2ER88;
				GENERATE_INFOPLIST_FILE = YES;
				INFOPLIST_FILE = CustomizedRecording/Info.plist;
				INFOPLIST_KEY_NSCameraUsageDescription = "录像";
				INFOPLIST_KEY_NSMicrophoneUsageDescription = "录音";
				INFOPLIST_KEY_UIApplicationSupportsIndirectInputEvents = YES;
				INFOPLIST_KEY_UILaunchStoryboardName = LaunchScreen;
				INFOPLIST_KEY_UIMainStoryboardFile = Main;
				INFOPLIST_KEY_UISupportedInterfaceOrientations = UIInterfaceOrientationPortrait;
				INFOPLIST_KEY_UISupportedInterfaceOrientations_iPad = "UIInterfaceOrientationLandscapeLeft UIInterfaceOrientationLandscapeRight UIInterfaceOrientationPortrait UIInterfaceOrientationPortraitUpsideDown";
				IPHONEOS_DEPLOYMENT_TARGET = 13.0;
				LD_RUNPATH_SEARCH_PATHS = (
					"$(inherited)",
					"@executable_path/Frameworks",
				);
				MARKETING_VERSION = 1.0;
				PRODUCT_BUNDLE_IDENTIFIER = cn.10086.app;
				PRODUCT_NAME = "$(TARGET_NAME)";
				PROVISIONING_PROFILE_SPECIFIER = "";
				"PROVISIONING_PROFILE_SPECIFIER[sdk=iphoneos*]" = "match Development cn.10086.app";
				SWIFT_EMIT_LOC_STRINGS = YES;
				TARGETED_DEVICE_FAMILY = "1,2";
			};
			name = Release;
		};
/* End XCBuildConfiguration section */

/* Begin XCConfigurationList section */
		5CE3E27528D8B26500EE5072 /* Build configuration list for PBXProject "CustomizedRecording" */ = {
			isa = XCConfigurationList;
			buildConfigurations = (
				5CE3E29128D8B26600EE5072 /* Debug */,
				5CE3E29228D8B26600EE5072 /* Release */,
			);
			defaultConfigurationIsVisible = 0;
			defaultConfigurationName = Release;
		};
		5CE3E29328D8B26600EE5072 /* Build configuration list for PBXNativeTarget "CustomizedRecording" */ = {
			isa = XCConfigurationList;
			buildConfigurations = (
				5CE3E29428D8B26600EE5072 /* Debug */,
				5CE3E29528D8B26600EE5072 /* Release */,
			);
			defaultConfigurationIsVisible = 0;
			defaultConfigurationName = Release;
		};
/* End XCConfigurationList section */
	};
	rootObject = 5CE3E27228D8B26500EE5072 /* Project object */;
}
